
Microsoft Visual Studio Solution File, Format Version 12.00
# Visual Studio Version 17
VisualStudioVersion = 17.11.35312.102
MinimumVisualStudioVersion = 10.0.40219.1
Project("{8BC9CEB8-8B4A-11D0-8D11-00A0C91BC942}") = "SingleLinkedList.h", "SingleLinkedList.h\SingleLinkedList.h.vcxproj", "{9E19A2BD-FBA2-4872-9296-3D22C9F34514}"
EndProject
Global
	GlobalSection(SolutionConfigurationPlatforms) = preSolution
		Debug|x64 = Debug|x64
		Debug|x86 = Debug|x86
		Release|x64 = Release|x64
		Release|x86 = Release|x86
	EndGlobalSection
	GlobalSection(ProjectConfigurationPlatforms) = postSolution
		{9E19A2BD-FBA2-4872-9296-3D22C9F34514}.Debug|x64.ActiveCfg = Debug|x64
		{9E19A2BD-FBA2-4872-9296-3D22C9F34514}.Debug|x64.Build.0 = Debug|x64
		{9E19A2BD-FBA2-4872-9296-3D22C9F34514}.Debug|x86.ActiveCfg = Debug|Win32
		{9E19A2BD-FBA2-4872-9296-3D22C9F34514}.Debug|x86.Build.0 = Debug|Win32
		{9E19A2BD-FBA2-4872-9296-3D22C9F34514}.Release|x64.ActiveCfg = Release|x64
		{9E19A2BD-FBA2-4872-9296-3D22C9F34514}.Release|x64.Build.0 = Release|x64
		{9E19A2BD-FBA2-4872-9296-3D22C9F34514}.Release|x86.ActiveCfg = Release|Win32
		{9E19A2BD-FBA2-4872-9296-3D22C9F34514}.Release|x86.Build.0 = Release|Win32
	EndGlobalSection
	GlobalSection(SolutionProperties) = preSolution
		HideSolutionNode = FALSE
	EndGlobalSection
	GlobalSection(ExtensibilityGlobals) = postSolution
		SolutionGuid = {BF56546F-FC3A-4502-AC28-86C1B7378C87}
	EndGlobalSection
EndGlobal
